
Microsoft Visual Studio Solution File, Format Version 12.00
# Visual Studio Version 16
VisualStudioVersion = 16.0.31424.327
MinimumVisualStudioVersion = 10.0.40219.1
Project("{FAE04EC0-301F-11D3-BF4B-00C04F79EFBC}") = "FirstWebApi", "FirstWebApi.csproj", "{92E4C91D-4609-4079-8367-79B918DA73F1}"
EndProject
Global
	GlobalSection(SolutionConfigurationPlatforms) = preSolution
		Debug|Any CPU = Debug|Any CPU
		Release|Any CPU = Release|Any CPU
	EndGlobalSection
	GlobalSection(ProjectConfigurationPlatforms) = postSolution
		{92E4C91D-4609-4079-8367-79B918DA73F1}.Debug|Any CPU.ActiveCfg = Debug|Any CPU
		{92E4C91D-4609-4079-8367-79B918DA73F1}.Debug|Any CPU.Build.0 = Debug|Any CPU
		{92E4C91D-4609-4079-8367-79B918DA73F1}.Release|Any CPU.ActiveCfg = Release|Any CPU
		{92E4C91D-4609-4079-8367-79B918DA73F1}.Release|Any CPU.Build.0 = Release|Any CPU
	EndGlobalSection
	GlobalSection(SolutionProperties) = preSolution
		HideSolutionNode = FALSE
	EndGlobalSection
	GlobalSection(ExtensibilityGlobals) = postSolution
		SolutionGuid = {2ED58140-CEBC-4733-8C23-52F2F7C18CA1}
	EndGlobalSection
EndGlobal
